
Microsoft Visual Studio Solution File, Format Version 12.00
# Visual Studio Version 16
VisualStudioVersion = 16.0.31205.134
MinimumVisualStudioVersion = 10.0.40219.1
Project("{9A19103F-16F7-4668-BE54-9A1E7A4F7556}") = "AdHocTestingEnvironments", "AdHocTestingEnvironments\AdHocTestingEnvironments.csproj", "{DA4AA19D-17F5-4AD7-B0DE-B6B85706A21A}"
EndProject
Project("{9A19103F-16F7-4668-BE54-9A1E7A4F7556}") = "AdHocTestingEnvironmentsTests", "AdHocTestingEnvironmentsTests\AdHocTestingEnvironmentsTests.csproj", "{F7A69AB7-A8F2-4AD1-A748-32CC22325002}"
EndProject
Project("{2150E333-8FDC-42A3-9474-1A3956D46DE8}") = "kustomize", "kustomize", "{D8140A7F-F654-43CB-8187-B35AA42BA00E}"
	ProjectSection(SolutionItems) = preProject
		kustomize\certificate.pfx = kustomize\certificate.pfx
		kustomize\deployment.yaml = kustomize\deployment.yaml
		kustomize\kustomization.yaml = kustomize\kustomization.yaml
		kustomize\service.yaml = kustomize\service.yaml
	EndProjectSection
EndProject
Global
	GlobalSection(SolutionConfigurationPlatforms) = preSolution
		Debug|Any CPU = Debug|Any CPU
		Release|Any CPU = Release|Any CPU
	EndGlobalSection
	GlobalSection(ProjectConfigurationPlatforms) = postSolution
		{DA4AA19D-17F5-4AD7-B0DE-B6B85706A21A}.Debug|Any CPU.ActiveCfg = Debug|Any CPU
		{DA4AA19D-17F5-4AD7-B0DE-B6B85706A21A}.Debug|Any CPU.Build.0 = Debug|Any CPU
		{DA4AA19D-17F5-4AD7-B0DE-B6B85706A21A}.Release|Any CPU.ActiveCfg = Release|Any CPU
		{DA4AA19D-17F5-4AD7-B0DE-B6B85706A21A}.Release|Any CPU.Build.0 = Release|Any CPU
		{F7A69AB7-A8F2-4AD1-A748-32CC22325002}.Debug|Any CPU.ActiveCfg = Debug|Any CPU
		{F7A69AB7-A8F2-4AD1-A748-32CC22325002}.Debug|Any CPU.Build.0 = Debug|Any CPU
		{F7A69AB7-A8F2-4AD1-A748-32CC22325002}.Release|Any CPU.ActiveCfg = Release|Any CPU
		{F7A69AB7-A8F2-4AD1-A748-32CC22325002}.Release|Any CPU.Build.0 = Release|Any CPU
	EndGlobalSection
	GlobalSection(SolutionProperties) = preSolution
		HideSolutionNode = FALSE
	EndGlobalSection
	GlobalSection(ExtensibilityGlobals) = postSolution
		SolutionGuid = {F1006EE4-3425-4399-8234-24E69BD90F57}
	EndGlobalSection
EndGlobal
